{
  "version": "5",
  "specifiers": {
    "jsr:@std/assert@1": "1.0.19",
    "jsr:@std/internal@^1.0.12": "1.0.13",
    "npm:@types/whatwg-mimetype@5": "5.0.0",
    "npm:arkregex@^0.0.5": "0.0.5",
    "npm:arktype@^2.2.0": "2.2.0",
    "npm:whatwg-mimetype@5": "5.0.0"
  },
  "jsr": {
    "@std/assert@1.0.19": {
      "integrity": "eaada96ee120cb980bc47e040f82814d786fe8162ecc53c91d8df60b8755991e",
      "dependencies": [
        "jsr:@std/internal"
      ]
    },
    "@std/internal@1.0.13": {
      "integrity": "2f9546691d4ac2d32859c82dff284aaeac980ddeca38430d07941e7e288725c0"
    }
  },
  "npm": {
    "@ark/schema@0.56.0": {
      "integrity": "sha512-ECg3hox/6Z/nLajxXqNhgPtNdHWC9zNsDyskwO28WinoFEnWow4IsERNz9AnXRhTZJnYIlAJ4uGn3nlLk65vZA==",
      "dependencies": [
        "@ark/util"
      ]
    },
    "@ark/util@0.56.0": {
      "integrity": "sha512-BghfRC8b9pNs3vBoDJhcta0/c1J1rsoS1+HgVUreMFPdhz/CRAKReAu57YEllNaSy98rWAdY1gE+gFup7OXpgA=="
    },
    "@types/whatwg-mimetype@5.0.0": {
      "integrity": "sha512-YYiBDCoqBgDIF2ByYn4qDb4RaXZ46cOQ6j2We1Ni3bikFNI7YFeL8jxSiYowWsriZrb1mw09CLZ+b+ZkIhsLVw=="
    },
    "arkregex@0.0.5": {
      "integrity": "sha512-ncYjBdLlh5/QnVsAA8De16Tc9EqmYM7y/WU9j+236KcyYNUXogpz3sC4ATIZYzzLxwI+0sEOaQLEmLmRleaEXw==",
      "dependencies": [
        "@ark/util"
      ]
    },
    "arktype@2.2.0": {
      "integrity": "sha512-t54MZ7ti5BhOEvzEkgKnWvqj+UbDfWig+DHr5I34xatymPusKLS0lQpNJd8M6DzmIto2QGszHfNKoFIT8tMCZQ==",
      "dependencies": [
        "@ark/schema",
        "@ark/util",
        "arkregex"
      ]
    },
    "whatwg-mimetype@5.0.0": {
      "integrity": "sha512-sXcNcHOC51uPGF0P/D4NVtrkjSU2fNsm9iog4ZvZJsL3rjoDAzXZhkm2MWt1y+PUdggKAYVoMAIYcs78wJ51Cw=="
    }
  },
  "workspace": {
    "dependencies": [
      "jsr:@std/assert@1",
      "npm:@types/whatwg-mimetype@5",
      "npm:arkregex@^0.0.5",
      "npm:arktype@^2.2.0",
      "npm:whatwg-mimetype@5"
    ]
  }
}
